# THIS IS AN AUTOGENERATED FILE. DO NOT EDIT THIS FILE DIRECTLY.
# yarn lockfile v1


"@discordjs/collection@^0.1.5":
  version "0.1.5"
  resolved "https://registry.yarnpkg.com/@discordjs/collection/-/collection-0.1.5.tgz#1781c620b4c88d619bd0373a1548e5a6025e3d3a"
  integrity sha512-CU1q0UXQUpFNzNB7gufgoisDHP7n+T3tkqTsp3MNUkVJ5+hS3BCvME8uCXAUFlz+6T2FbTCu75A+yQ7HMKqRKw==

"@discordjs/form-data@^3.0.1":
  version "3.0.1"
  resolved "https://registry.yarnpkg.com/@discordjs/form-data/-/form-data-3.0.1.tgz#5c9e6be992e2e57d0dfa0e39979a850225fb4697"
  integrity sha512-ZfFsbgEXW71Rw/6EtBdrP5VxBJy4dthyC0tpQKGKmYFImlmmrykO14Za+BiIVduwjte0jXEBlhSKf0MWbFp9Eg==
  dependencies:
    asynckit "^0.4.0"
    combined-stream "^1.0.8"
    mime-types "^2.1.12"

abort-controller@^3.0.0:
  version "3.0.0"
  resolved "https://registry.yarnpkg.com/abort-controller/-/abort-controller-3.0.0.tgz#eaf54d53b62bae4138e809ca225c8439a6efb392"
  integrity sha512-h8lQ8tacZYnR3vNQTgibj+tODHI5/+l06Au2Pcriv/Gmet0eaj4TwWH41sO9wnHDiQsEj19q0drzdWdeAHtweg==
  dependencies:
    event-target-shim "^5.0.0"

asynckit@^0.4.0:
  version "0.4.0"
  resolved "https://registry.yarnpkg.com/asynckit/-/asynckit-0.4.0.tgz#c79ed97f7f34cb8f2ba1bc9790bcc366474b4b79"
  integrity sha1-x57Zf380y48robyXkLzDZkdLS3k=

bindings@1:
  version "1.5.0"
  resolved "https://registry.yarnpkg.com/bindings/-/bindings-1.5.0.tgz#10353c9e945334bc0511a6d90b38fbc7c9c504df"
  integrity sha512-p2q/t/mhvuOj/UeLlV6566GD/guowlr0hHxClI0W9m7MWYkL1F0hLo+0Aexs9HSPCtR1SXQ0TD3MMKrXZajbiQ==
  dependencies:
    file-uri-to-path "1.0.0"

bindings@~1.2.1:
  version "1.2.1"
  resolved "https://registry.yarnpkg.com/bindings/-/bindings-1.2.1.tgz#14ad6113812d2d37d72e67b4cacb4bb726505f11"
  integrity sha1-FK1hE4EtLTfXLme0ystLtyZQXxE=

combined-stream@^1.0.8:
  version "1.0.8"
  resolved "https://registry.yarnpkg.com/combined-stream/-/combined-stream-1.0.8.tgz#c3d45a8b34fd730631a110a8a2520682b31d5a7f"
  integrity sha512-FQN4MRfuJeHf7cBbBMJFXhKSDq+2kAArBlmRBvcvFE5BB1HZKXtSFASDhdlz9zOYwxh8lDdnvmMOe/+5cdoEdg==
  dependencies:
    delayed-stream "~1.0.0"

commander@^2.9.0:
  version "2.20.3"
  resolved "https://registry.yarnpkg.com/commander/-/commander-2.20.3.tgz#fd485e84c03eb4881c20722ba48035e8531aeb33"
  integrity sha512-GpVkmM8vF2vQUkj2LvZmD35JxeJOLCwJ9cUkugyk2nuhbv3+mJvpLYYt+0+USMxE+oj+ey/lJEnhZw75x/OMcQ==

debug@2:
  version "2.6.9"
  resolved "https://registry.yarnpkg.com/debug/-/debug-2.6.9.tgz#5d128515df134ff327e90a4c93f4e077a536341f"
  integrity sha512-bC7ElrdJaJnPbAP+1EotYvqZsb3ecl5wi6Bfi6BJTUcNowp6cvspg0jXznRTKDjm/E7AdgFBVeAPVMNcKGsHMA==
  dependencies:
    ms "2.0.0"

delayed-stream@~1.0.0:
  version "1.0.0"
  resolved "https://registry.yarnpkg.com/delayed-stream/-/delayed-stream-1.0.0.tgz#df3ae199acadfb7d440aaae0b29e2272b24ec619"
  integrity sha1-3zrhmayt+31ECqrgsp4icrJOxhk=

discord.js@^12.0.0:
  version "12.2.0"
  resolved "https://registry.yarnpkg.com/discord.js/-/discord.js-12.2.0.tgz#31018732e42a495c92655055192221eab2ad11a9"
  integrity sha512-Ueb/0SOsxXyqwvwFYFe0msMrGqH1OMqpp2Dpbplnlr4MzcRrFWwsBM9gKNZXPVBHWUKiQkwU8AihXBXIvTTSvg==
  dependencies:
    "@discordjs/collection" "^0.1.5"
    "@discordjs/form-data" "^3.0.1"
    abort-controller "^3.0.0"
    node-fetch "^2.6.0"
    prism-media "^1.2.0"
    setimmediate "^1.0.5"
    tweetnacl "^1.0.3"
    ws "^7.2.1"

dotenv@^8.0.0:
  version "8.2.0"
  resolved "https://registry.yarnpkg.com/dotenv/-/dotenv-8.2.0.tgz#97e619259ada750eea3e4ea3e26bceea5424b16a"
  integrity sha512-8sJ78ElpbDJBHNeBzUbUVLsqKdccaa/BXF1uPTw3GrvQTBgrQrtObr2mUrE38vzYd8cEv+m/JBfDLioYcfXoaw==

event-target-shim@^5.0.0:
  version "5.0.1"
  resolved "https://registry.yarnpkg.com/event-target-shim/-/event-target-shim-5.0.1.tgz#5d4d3ebdf9583d63a5333ce2deb7480ab2b05789"
  integrity sha512-i/2XbnSz/uxRCU6+NdVJgKWDTM427+MqYbkQzD321DuCQJUqOuJKIA0IM2+W2xtYHdKOmZ4dR6fExsd4SXL+WQ==

file-uri-to-path@1.0.0:
  version "1.0.0"
  resolved "https://registry.yarnpkg.com/file-uri-to-path/-/file-uri-to-path-1.0.0.tgz#553a7b8446ff6f684359c445f1e37a05dacc33dd"
  integrity sha512-0Zt+s3L7Vf1biwWZ29aARiVYLx7iMGnEUl9x33fbB/j3jR81u/O2LbqK+Bm1CDSNDKVtJ/YjwY7TUd5SkeLQLw==

html-entities@^1.1.3:
  version "1.3.1"
  resolved "https://registry.yarnpkg.com/html-entities/-/html-entities-1.3.1.tgz#fb9a1a4b5b14c5daba82d3e34c6ae4fe701a0e44"
  integrity sha512-rhE/4Z3hIhzHAUKbW8jVcCyuT5oJCXXqhN/6mXXVCpzTmvJnoH2HL/bt3EZ6p55jbFJBeAe1ZNpL5BugLujxNA==

m3u8stream@^0.6.2:
  version "0.6.5"
  resolved "https://registry.yarnpkg.com/m3u8stream/-/m3u8stream-0.6.5.tgz#a41713cb7144f8fe1eb944d32a8848be8cb2c951"
  integrity sha512-QZCzhcfUliZfsOboi68QkNcMejPKTEhxE+s1TApvHubDeR8ythm4ViWuYFqgUwZeoHe8q0nsPxOvA3lQvdSzyg==
  dependencies:
    miniget "^1.6.1"
    sax "^1.2.4"

mime-db@1.43.0:
  version "1.43.0"
  resolved "https://registry.yarnpkg.com/mime-db/-/mime-db-1.43.0.tgz#0a12e0502650e473d735535050e7c8f4eb4fae58"
  integrity sha512-+5dsGEEovYbT8UY9yD7eE4XTc4UwJ1jBYlgaQQF38ENsKR3wj/8q8RFZrF9WIZpB2V1ArTVFUva8sAul1NzRzQ==

mime-types@^2.1.12:
  version "2.1.26"
  resolved "https://registry.yarnpkg.com/mime-types/-/mime-types-2.1.26.tgz#9c921fc09b7e149a65dfdc0da4d20997200b0a06"
  integrity sha512-01paPWYgLrkqAyrlDorC1uDwl2p3qZT7yl806vW7DvDoxwXi46jsjFbg+WdwotBIk6/MbEhO/dh5aZ5sNj/dWQ==
  dependencies:
    mime-db "1.43.0"

miniget@^1.5.3, miniget@^1.6.1:
  version "1.7.0"
  resolved "https://registry.yarnpkg.com/miniget/-/miniget-1.7.0.tgz#a29eb79ebff479e9efafd271616981c603987875"
  integrity sha512-yrgaDSMRzrfYTkudB4Y6xK8pCb7oAH2bvfv6iPY2m6CedZfs9yK4b/ofh0Vzv08hCYXH/HHkoS8an6fkWtOAQA==

ms@2.0.0:
  version "2.0.0"
  resolved "https://registry.yarnpkg.com/ms/-/ms-2.0.0.tgz#5608aeadfc00be6c2901df5f9861788de0d597c8"
  integrity sha1-VgiurfwAvmwpAd9fmGF4jeDVl8g=

nan@2, nan@^2.14.0:
  version "2.14.0"
  resolved "https://registry.yarnpkg.com/nan/-/nan-2.14.0.tgz#7818f722027b2459a86f0295d434d1fc2336c52c"
  integrity sha512-INOFj37C7k3AfaNTtX8RhsTw7qRy7eLET14cROi9+5HAVbbHuIWUHEauBv5qT4Av2tWasiTY1Jw6puUNqRJXQg==

node-fetch@^2.6.0:
  version "2.6.0"
  resolved "https://registry.yarnpkg.com/node-fetch/-/node-fetch-2.6.0.tgz#e633456386d4aa55863f676a7ab0daa8fdecb0fd"
  integrity sha512-8dG4H5ujfvFiqDmVu9fQ5bOHUC15JMjMY/Zumv26oOvvVJjM67KF8koCWIabKQ1GJIa9r2mMZscBq/TbdOcmNA==

node-opus@^0.3.1:
  version "0.3.3"
  resolved "https://registry.yarnpkg.com/node-opus/-/node-opus-0.3.3.tgz#bde2369b13b7d34f6e35d2a7fc97d7e4936d0211"
  integrity sha512-ZQniA8iJ6y/qOTmW6eyzM9m8odt4CIGV0NM9/U03/pYLhGyxy18QXO25WfrWd8XsUYx57tnxll2xxj54CN08uQ==
  dependencies:
    bindings "~1.2.1"
    commander "^2.9.0"
    nan "^2.14.0"
  optionalDependencies:
    ogg-packet "^1.0.0"

ogg-packet@^1.0.0:
  version "1.0.1"
  resolved "https://registry.yarnpkg.com/ogg-packet/-/ogg-packet-1.0.1.tgz#6b7d6c7a743c5f1ae9277c3b1271cac256af4785"
  integrity sha512-dW1ok3BMnMikyXGDIgVEckWnlViW8JLWQV4qj9aN/rNRVqHlDYSlcIEtSIMH7tpuUOiIxAhY3+OxNdIOm6s17A==
  dependencies:
    ref-struct "*"

prism-media@^1.2.0:
  version "1.2.1"
  resolved "https://registry.yarnpkg.com/prism-media/-/prism-media-1.2.1.tgz#168f323712bcaacb1d70ae613bf9d9dc44cf43d4"
  integrity sha512-R3EbKwJiYlTvGwcG1DpUt+06DsxOGS5W4AMEHT7oVOjG93MjpdhGX1whHyjnqknylLMupKAsKMEXcTNRbPe6Vw==

ref-struct@*:
  version "1.1.0"
  resolved "https://registry.yarnpkg.com/ref-struct/-/ref-struct-1.1.0.tgz#5d5ee65ad41cefc3a5c5feb40587261e479edc13"
  integrity sha1-XV7mWtQc78Olxf60BYcmHkee3BM=
  dependencies:
    debug "2"
    ref "1"

ref@1:
  version "1.3.5"
  resolved "https://registry.yarnpkg.com/ref/-/ref-1.3.5.tgz#0e33f080cdb94a3d95312b2b3b1fd0f82044ca0f"
  integrity sha512-2cBCniTtxcGUjDpvFfVpw323a83/0RLSGJJY5l5lcomZWhYpU2cuLdsvYqMixvsdLJ9+sTdzEkju8J8ZHDM2nA==
  dependencies:
    bindings "1"
    debug "2"
    nan "2"

sax@^1.1.3, sax@^1.2.4:
  version "1.2.4"
  resolved "https://registry.yarnpkg.com/sax/-/sax-1.2.4.tgz#2816234e2378bddc4e5354fab5caa895df7100d9"
  integrity sha512-NqVDv9TpANUjFm0N8uM5GxL36UgKi9/atZw+x7YFnQ8ckwFGKrl4xX4yWtrey3UJm5nP1kUbnYgLopqWNSRhWw==

setimmediate@^1.0.5:
  version "1.0.5"
  resolved "https://registry.yarnpkg.com/setimmediate/-/setimmediate-1.0.5.tgz#290cbb232e306942d7d7ea9b83732ab7856f8285"
  integrity sha1-KQy7Iy4waULX1+qbg3Mqt4VvgoU=

tweetnacl@^1.0.3:
  version "1.0.3"
  resolved "https://registry.yarnpkg.com/tweetnacl/-/tweetnacl-1.0.3.tgz#ac0af71680458d8a6378d0d0d050ab1407d35596"
  integrity sha512-6rt+RN7aOi1nGMyC4Xa5DdYiukl2UWCbcJft7YhxReBGQD7OAM8Pbxw6YMo4r2diNEA8FEmu32YOn9rhaiE5yw==

ws@^7.2.1:
  version "7.2.3"
  resolved "https://registry.yarnpkg.com/ws/-/ws-7.2.3.tgz#a5411e1fb04d5ed0efee76d26d5c46d830c39b46"
  integrity sha512-HTDl9G9hbkNDk98naoR/cHDws7+EyYMOdL1BmjsZXRUjf7d+MficC4B7HLUPlSiho0vg+CWKrGIt/VJBd1xunQ==

ytdl-core@^0.29.0:
  version "0.29.7"
  resolved "https://registry.yarnpkg.com/ytdl-core/-/ytdl-core-0.29.7.tgz#e63ce0b086a4543d827499bed22f53fdf4d16af2"
  integrity sha512-mqPuZ1UyspT84lyV1FSU1UAoiQ4H5j52ba3sC1LC43OmL8qNaDIRCGffGlpiakQrc69qsplNWsWEZUF+J5bhJA==
  dependencies:
    html-entities "^1.1.3"
    m3u8stream "^0.6.2"
    miniget "^1.5.3"
    sax "^1.1.3"
